
Microsoft Visual Studio Solution File, Format Version 12.00
# Visual Studio Version 17
VisualStudioVersion = 17.8.34330.188
MinimumVisualStudioVersion = 10.0.40219.1
Project("{FAE04EC0-301F-11D3-BF4B-00C04F79EFBC}") = "tictactoe", "tictactoe.csproj", "{F0361561-D0CA-49A9-9D40-EC76DD4A0008}"
EndProject
Global
	GlobalSection(SolutionConfigurationPlatforms) = preSolution
		Debug|Any CPU = Debug|Any CPU
		Release|Any CPU = Release|Any CPU
	EndGlobalSection
	GlobalSection(ProjectConfigurationPlatforms) = postSolution
		{F0361561-D0CA-49A9-9D40-EC76DD4A0008}.Debug|Any CPU.ActiveCfg = Debug|Any CPU
		{F0361561-D0CA-49A9-9D40-EC76DD4A0008}.Debug|Any CPU.Build.0 = Debug|Any CPU
		{F0361561-D0CA-49A9-9D40-EC76DD4A0008}.Release|Any CPU.ActiveCfg = Release|Any CPU
		{F0361561-D0CA-49A9-9D40-EC76DD4A0008}.Release|Any CPU.Build.0 = Release|Any CPU
	EndGlobalSection
	GlobalSection(SolutionProperties) = preSolution
		HideSolutionNode = FALSE
	EndGlobalSection
	GlobalSection(ExtensibilityGlobals) = postSolution
		SolutionGuid = {D3633F0A-CEAB-4AC3-A881-95E5A40C9199}
	EndGlobalSection
EndGlobal
